<?xml version="1.0" encoding="utf-8"?>
<Project ToolsVersion="4.0" xmlns="http://schemas.microsoft.com/developer/msbuild/2003">
  <ItemGroup>
    <Filter Include="OOGL">
      <UniqueIdentifier>{c6d95a87-f637-49ff-a916-a54157434791}</UniqueIdentifier>
    </Filter>
    <Filter Include="OOGL\Drawable">
      <UniqueIdentifier>{765c19c9-c32d-46be-b803-c2008340455a}</UniqueIdentifier>
    </Filter>
    <Filter Include="OOGL\Math">
      <UniqueIdentifier>{70c7030d-deba-4198-bb88-554e6bf3bb70}</UniqueIdentifier>
    </Filter>
    <Filter Include="OOGL\OpengGL">
      <UniqueIdentifier>{ac592383-b093-4b93-b5cc-7e9a433c8b4a}</UniqueIdentifier>
    </Filter>
  </ItemGroup>
  <ItemGroup>
    <ClInclude Include="..\OOGL\include\OOGL\Vec2.hpp">
      <Filter>OOGL\Math</Filter>
    </ClInclude>
    <ClInclude Include="..\OOGL\include\OOGL\Vec3.hpp">
      <Filter>OOGL\Math</Filter>
    </ClInclude>
    <ClInclude Include="..\OOGL\include\OOGL\OpenglObject.hpp">
      <Filter>OOGL\OpengGL</Filter>
    </ClInclude>
    <ClInclude Include="..\OOGL\include\OOGL\Texture.hpp">
      <Filter>OOGL\OpengGL</Filter>
    </ClInclude>
    <ClInclude Include="..\OOGL\include\OOGL\VertexArray.hpp">
      <Filter>OOGL\OpengGL</Filter>
    </ClInclude>
    <ClInclude Include="..\OOGL\include\OOGL\Animation.hpp">
      <Filter>OOGL\Drawable</Filter>
    </ClInclude>
    <ClInclude Include="..\OOGL\include\OOGL\Sprite.hpp">
      <Filter>OOGL\Drawable</Filter>
    </ClInclude>
    <ClInclude Include="..\OOGL\include\OOGL\Core.hpp">
      <Filter>OOGL</Filter>
    </ClInclude>
    <ClInclude Include="..\OOGL\include\oogl.hpp">
      <Filter>OOGL</Filter>
    </ClInclude>
    <ClInclude Include="..\OOGL\include\OOGL\Shader.hpp">
      <Filter>OOGL\OpengGL</Filter>
    </ClInclude>
    <ClInclude Include="..\OOGL\include\OOGL\Drawable.hpp">
      <Filter>OOGL\Drawable</Filter>
    </ClInclude>
  </ItemGroup>
  <ItemGroup>
    <ClCompile Include="..\OOGL\src\Texture.cpp">
      <Filter>OOGL\OpengGL</Filter>
    </ClCompile>
    <ClCompile Include="..\OOGL\src\VertexArray.cpp">
      <Filter>OOGL\OpengGL</Filter>
    </ClCompile>
    <ClCompile Include="..\OOGL\src\Core.cpp">
      <Filter>OOGL</Filter>
    </ClCompile>
    <ClCompile Include="..\OOGL\src\Shader.cpp">
      <Filter>OOGL\OpengGL</Filter>
    </ClCompile>
    <ClCompile Include="..\OOGL\src\Sprite.cpp">
      <Filter>OOGL\Drawable</Filter>
    </ClCompile>
    <ClCompile Include="..\OOGL\src\Animation.cpp">
      <Filter>OOGL\Drawable</Filter>
    </ClCompile>
  </ItemGroup>
</Project>